
Microsoft Visual Studio Solution File, Format Version 12.00
# Visual Studio Version 17
VisualStudioVersion = 17.0.32014.148
MinimumVisualStudioVersion = 10.0.40219.1
Project("{9A19103F-16F7-4668-BE54-9A1E7A4F7556}") = "Clientes", "Clientes\Clientes.csproj", "{B4975217-D648-4E8B-9750-1D1AEC35E49B}"
EndProject
Project("{FAE04EC0-301F-11D3-BF4B-00C04F79EFBC}") = "Clientes.Model", "Clientes.Model\Clientes.Model.csproj", "{B75C5C4A-B9D7-430E-996C-0BAAF81B6599}"
EndProject
Project("{FAE04EC0-301F-11D3-BF4B-00C04F79EFBC}") = "Clientes.Data", "Clientes.Data\Clientes.Data.csproj", "{ABD625E7-22E4-43D3-AC5F-1473ECF0C72F}"
EndProject
Global
	GlobalSection(SolutionConfigurationPlatforms) = preSolution
		Debug|Any CPU = Debug|Any CPU
		Release|Any CPU = Release|Any CPU
	EndGlobalSection
	GlobalSection(ProjectConfigurationPlatforms) = postSolution
		{B4975217-D648-4E8B-9750-1D1AEC35E49B}.Debug|Any CPU.ActiveCfg = Debug|Any CPU
		{B4975217-D648-4E8B-9750-1D1AEC35E49B}.Debug|Any CPU.Build.0 = Debug|Any CPU
		{B4975217-D648-4E8B-9750-1D1AEC35E49B}.Release|Any CPU.ActiveCfg = Release|Any CPU
		{B4975217-D648-4E8B-9750-1D1AEC35E49B}.Release|Any CPU.Build.0 = Release|Any CPU
		{B75C5C4A-B9D7-430E-996C-0BAAF81B6599}.Debug|Any CPU.ActiveCfg = Debug|Any CPU
		{B75C5C4A-B9D7-430E-996C-0BAAF81B6599}.Debug|Any CPU.Build.0 = Debug|Any CPU
		{B75C5C4A-B9D7-430E-996C-0BAAF81B6599}.Release|Any CPU.ActiveCfg = Release|Any CPU
		{B75C5C4A-B9D7-430E-996C-0BAAF81B6599}.Release|Any CPU.Build.0 = Release|Any CPU
		{ABD625E7-22E4-43D3-AC5F-1473ECF0C72F}.Debug|Any CPU.ActiveCfg = Debug|Any CPU
		{ABD625E7-22E4-43D3-AC5F-1473ECF0C72F}.Debug|Any CPU.Build.0 = Debug|Any CPU
		{ABD625E7-22E4-43D3-AC5F-1473ECF0C72F}.Release|Any CPU.ActiveCfg = Release|Any CPU
		{ABD625E7-22E4-43D3-AC5F-1473ECF0C72F}.Release|Any CPU.Build.0 = Release|Any CPU
	EndGlobalSection
	GlobalSection(SolutionProperties) = preSolution
		HideSolutionNode = FALSE
	EndGlobalSection
	GlobalSection(ExtensibilityGlobals) = postSolution
		SolutionGuid = {17234FDD-17E3-452E-843A-7EEBAD869029}
	EndGlobalSection
EndGlobal
